
Microsoft Visual Studio Solution File, Format Version 12.00
# Visual Studio Version 16
VisualStudioVersion = 16.0.29613.14
MinimumVisualStudioVersion = 10.0.40219.1
Project("{FAE04EC0-301F-11D3-BF4B-00C04F79EFBC}") = "Estoque_projeto_udemy", "Estoque_projeto_udemy\Estoque_projeto_udemy.csproj", "{C9C721C4-FFB8-45F4-9CFA-59237A92785D}"
EndProject
Global
	GlobalSection(SolutionConfigurationPlatforms) = preSolution
		Debug|Any CPU = Debug|Any CPU
		Release|Any CPU = Release|Any CPU
	EndGlobalSection
	GlobalSection(ProjectConfigurationPlatforms) = postSolution
		{C9C721C4-FFB8-45F4-9CFA-59237A92785D}.Debug|Any CPU.ActiveCfg = Debug|Any CPU
		{C9C721C4-FFB8-45F4-9CFA-59237A92785D}.Debug|Any CPU.Build.0 = Debug|Any CPU
		{C9C721C4-FFB8-45F4-9CFA-59237A92785D}.Release|Any CPU.ActiveCfg = Release|Any CPU
		{C9C721C4-FFB8-45F4-9CFA-59237A92785D}.Release|Any CPU.Build.0 = Release|Any CPU
	EndGlobalSection
	GlobalSection(SolutionProperties) = preSolution
		HideSolutionNode = FALSE
	EndGlobalSection
	GlobalSection(ExtensibilityGlobals) = postSolution
		SolutionGuid = {84176F49-04C3-4E73-8949-2BEADDC2F652}
	EndGlobalSection
EndGlobal
